
Microsoft Visual Studio Solution File, Format Version 12.00
# Visual Studio Version 17
VisualStudioVersion = 17.1.32414.318
MinimumVisualStudioVersion = 10.0.40219.1
Project("{FAE04EC0-301F-11D3-BF4B-00C04F79EFBC}") = "QLNS_LTW", "QLNS_LTW\QLNS_LTW.csproj", "{FE5ADACE-3261-42DA-A33A-042A43BAF3D4}"
EndProject
Global
	GlobalSection(SolutionConfigurationPlatforms) = preSolution
		Debug|Any CPU = Debug|Any CPU
		Release|Any CPU = Release|Any CPU
	EndGlobalSection
	GlobalSection(ProjectConfigurationPlatforms) = postSolution
		{FE5ADACE-3261-42DA-A33A-042A43BAF3D4}.Debug|Any CPU.ActiveCfg = Debug|Any CPU
		{FE5ADACE-3261-42DA-A33A-042A43BAF3D4}.Debug|Any CPU.Build.0 = Debug|Any CPU
		{FE5ADACE-3261-42DA-A33A-042A43BAF3D4}.Release|Any CPU.ActiveCfg = Release|Any CPU
		{FE5ADACE-3261-42DA-A33A-042A43BAF3D4}.Release|Any CPU.Build.0 = Release|Any CPU
	EndGlobalSection
	GlobalSection(SolutionProperties) = preSolution
		HideSolutionNode = FALSE
	EndGlobalSection
	GlobalSection(ExtensibilityGlobals) = postSolution
		SolutionGuid = {6B34978B-9A13-4BDF-BA33-4F6319E31D5A}
	EndGlobalSection
EndGlobal
